
Microsoft Visual Studio Solution File, Format Version 12.00
# Visual Studio Version 16
VisualStudioVersion = 16.0.29806.167
MinimumVisualStudioVersion = 10.0.40219.1
Project("{8BC9CEB8-8B4A-11D0-8D11-00A0C91BC942}") = "IntegerList", "IntegerList\IntegerList.vcxproj", "{DC92C6CD-362F-4D90-BEF6-4C3D0980DFCB}"
EndProject
Global
	GlobalSection(SolutionConfigurationPlatforms) = preSolution
		Debug|x64 = Debug|x64
		Debug|x86 = Debug|x86
		Release|x64 = Release|x64
		Release|x86 = Release|x86
	EndGlobalSection
	GlobalSection(ProjectConfigurationPlatforms) = postSolution
		{DC92C6CD-362F-4D90-BEF6-4C3D0980DFCB}.Debug|x64.ActiveCfg = Debug|x64
		{DC92C6CD-362F-4D90-BEF6-4C3D0980DFCB}.Debug|x64.Build.0 = Debug|x64
		{DC92C6CD-362F-4D90-BEF6-4C3D0980DFCB}.Debug|x86.ActiveCfg = Debug|Win32
		{DC92C6CD-362F-4D90-BEF6-4C3D0980DFCB}.Debug|x86.Build.0 = Debug|Win32
		{DC92C6CD-362F-4D90-BEF6-4C3D0980DFCB}.Release|x64.ActiveCfg = Release|x64
		{DC92C6CD-362F-4D90-BEF6-4C3D0980DFCB}.Release|x64.Build.0 = Release|x64
		{DC92C6CD-362F-4D90-BEF6-4C3D0980DFCB}.Release|x86.ActiveCfg = Release|Win32
		{DC92C6CD-362F-4D90-BEF6-4C3D0980DFCB}.Release|x86.Build.0 = Release|Win32
	EndGlobalSection
	GlobalSection(SolutionProperties) = preSolution
		HideSolutionNode = FALSE
	EndGlobalSection
	GlobalSection(ExtensibilityGlobals) = postSolution
		SolutionGuid = {34910997-5596-4BA0-9E05-5BD44D2DFD3E}
	EndGlobalSection
EndGlobal
